// !$*UTF8*$!
{
	archiveVersion = 1;
	classes = {
	};
	objectVersion = 56;
	objects = {

/* Begin PBXBuildFile section */
		A47907AF2931D85300C14DF3 /* main.swift in Sources */ = {isa = PBXBuildFile; fileRef = A47907AE2931D85300C14DF3 /* main.swift */; };
		A4E00E18293342E100C0A7A2 /* StudentModel.swift in Sources */ = {isa = PBXBuildFile; fileRef = A4E00E17293342E100C0A7A2 /* StudentModel.swift */; };
		A4E00E1A29334B0C00C0A7A2 /* StudentsGradeManager.swift in Sources */ = {isa = PBXBuildFile; fileRef = A4E00E1929334B0C00C0A7A2 /* StudentsGradeManager.swift */; };
		A4E00E1D29334D0100C0A7A2 /* StringConstant.swift in Sources */ = {isa = PBXBuildFile; fileRef = A4E00E1C29334D0100C0A7A2 /* StringConstant.swift */; };
/* End PBXBuildFile section */

/* Begin PBXCopyFilesBuildPhase section */
		A47907A92931D85300C14DF3 /* CopyFiles */ = {
			isa = PBXCopyFilesBuildPhase;
			buildActionMask = 2147483647;
			dstPath = /usr/share/man/man1/;
			dstSubfolderSpec = 0;
			files = (
			);
			runOnlyForDeploymentPostprocessing = 1;
		};
/* End PBXCopyFilesBuildPhase section */

/* Begin PBXFileReference section */
		A47907AB2931D85300C14DF3 /* Wanted_Homework */ = {isa = PBXFileReference; explicitFileType = "compiled.mach-o.executable"; includeInIndex = 0; path = Wanted_Homework; sourceTree = BUILT_PRODUCTS_DIR; };
		A47907AE2931D85300C14DF3 /* main.swift */ = {isa = PBXFileReference; lastKnownFileType = sourcecode.swift; path = main.swift; sourceTree = "<group>"; };
		A4E00E17293342E100C0A7A2 /* StudentModel.swift */ = {isa = PBXFileReference; lastKnownFileType = sourcecode.swift; path = StudentModel.swift; sourceTree = "<group>"; };
		A4E00E1929334B0C00C0A7A2 /* StudentsGradeManager.swift */ = {isa = PBXFileReference; lastKnownFileType = sourcecode.swift; path = StudentsGradeManager.swift; sourceTree = "<group>"; };
		A4E00E1C29334D0100C0A7A2 /* StringConstant.swift */ = {isa = PBXFileReference; lastKnownFileType = sourcecode.swift; path = StringConstant.swift; sourceTree = "<group>"; };
/* End PBXFileReference section */

/* Begin PBXFrameworksBuildPhase section */
		A47907A82931D85300C14DF3 /* Frameworks */ = {
			isa = PBXFrameworksBuildPhase;
			buildActionMask = 2147483647;
			files = (
			);
			runOnlyForDeploymentPostprocessing = 0;
		};
/* End PBXFrameworksBuildPhase section */

/* Begin PBXGroup section */
		A47907A22931D85300C14DF3 = {
			isa = PBXGroup;
			children = (
				A47907AD2931D85300C14DF3 /* Wanted_Homework */,
				A47907AC2931D85300C14DF3 /* Products */,
			);
			sourceTree = "<group>";
		};
		A47907AC2931D85300C14DF3 /* Products */ = {
			isa = PBXGroup;
			children = (
				A47907AB2931D85300C14DF3 /* Wanted_Homework */,
			);
			name = Products;
			sourceTree = "<group>";
		};
		A47907AD2931D85300C14DF3 /* Wanted_Homework */ = {
			isa = PBXGroup;
			children = (
				A4E00E1B29334CF400C0A7A2 /* Constant */,
				A47907AE2931D85300C14DF3 /* main.swift */,
				A4E00E17293342E100C0A7A2 /* StudentModel.swift */,
				A4E00E1929334B0C00C0A7A2 /* StudentsGradeManager.swift */,
			);
			path = Wanted_Homework;
			sourceTree = "<group>";
		};
		A4E00E1B29334CF400C0A7A2 /* Constant */ = {
			isa = PBXGroup;
			children = (
				A4E00E1C29334D0100C0A7A2 /* StringConstant.swift */,
			);
			path = Constant;
			sourceTree = "<group>";
		};
/* End PBXGroup section */

/* Begin PBXNativeTarget section */
		A47907AA2931D85300C14DF3 /* Wanted_Homework */ = {
			isa = PBXNativeTarget;
			buildConfigurationList = A47907B22931D85300C14DF3 /* Build configuration list for PBXNativeTarget "Wanted_Homework" */;
			buildPhases = (
				A47907A72931D85300C14DF3 /* Sources */,
				A47907A82931D85300C14DF3 /* Frameworks */,
				A47907A92931D85300C14DF3 /* CopyFiles */,
			);
			buildRules = (
			);
			dependencies = (
			);
			name = Wanted_Homework;
			productName = Wanted_Homework;
			productReference = A47907AB2931D85300C14DF3 /* Wanted_Homework */;
			productType = "com.apple.product-type.tool";
		};
/* End PBXNativeTarget section */

/* Begin PBXProject section */
		A47907A32931D85300C14DF3 /* Project object */ = {
			isa = PBXProject;
			attributes = {
				BuildIndependentTargetsInParallel = 1;
				LastSwiftUpdateCheck = 1400;
				LastUpgradeCheck = 1400;
				TargetAttributes = {
					A47907AA2931D85300C14DF3 = {
						CreatedOnToolsVersion = 14.0;
					};
				};
			};
			buildConfigurationList = A47907A62931D85300C14DF3 /* Build configuration list for PBXProject "Wanted_Homework" */;
			compatibilityVersion = "Xcode 14.0";
			developmentRegion = en;
			hasScannedForEncodings = 0;
			knownRegions = (
				en,
				Base,
			);
			mainGroup = A47907A22931D85300C14DF3;
			productRefGroup = A47907AC2931D85300C14DF3 /* Products */;
			projectDirPath = "";
			projectRoot = "";
			targets = (
				A47907AA2931D85300C14DF3 /* Wanted_Homework */,
			);
		};
/* End PBXProject section */

/* Begin PBXSourcesBuildPhase section */
		A47907A72931D85300C14DF3 /* Sources */ = {
			isa = PBXSourcesBuildPhase;
			buildActionMask = 2147483647;
			files = (
				A4E00E1D29334D0100C0A7A2 /* StringConstant.swift in Sources */,
				A47907AF2931D85300C14DF3 /* main.swift in Sources */,
				A4E00E18293342E100C0A7A2 /* StudentModel.swift in Sources */,
				A4E00E1A29334B0C00C0A7A2 /* StudentsGradeManager.swift in Sources */,
			);
			runOnlyForDeploymentPostprocessing = 0;
		};
/* End PBXSourcesBuildPhase section */

/* Begin XCBuildConfiguration section */
		A47907B02931D85300C14DF3 /* Debug */ = {
			isa = XCBuildConfiguration;
			buildSettings = {
				ALWAYS_SEARCH_USER_PATHS = NO;
				CLANG_ANALYZER_NONNULL = YES;
				CLANG_ANALYZER_NUMBER_OBJECT_CONVERSION = YES_AGGRESSIVE;
				CLANG_CXX_LANGUAGE_STANDARD = "gnu++20";
				CLANG_ENABLE_MODULES = YES;
				CLANG_ENABLE_OBJC_ARC = YES;
				CLANG_ENABLE_OBJC_WEAK = YES;
				CLANG_WARN_BLOCK_CAPTURE_AUTORELEASING = YES;
				CLANG_WARN_BOOL_CONVERSION = YES;
				CLANG_WARN_COMMA = YES;
				CLANG_WARN_CONSTANT_CONVERSION = YES;
				CLANG_WARN_DEPRECATED_OBJC_IMPLEMENTATIONS = YES;
				CLANG_WARN_DIRECT_OBJC_ISA_USAGE = YES_ERROR;
				CLANG_WARN_DOCUMENTATION_COMMENTS = YES;
				CLANG_WARN_EMPTY_BODY = YES;
				CLANG_WARN_ENUM_CONVERSION = YES;
				CLANG_WARN_INFINITE_RECURSION = YES;
				CLANG_WARN_INT_CONVERSION = YES;
				CLANG_WARN_NON_LITERAL_NULL_CONVERSION = YES;
				CLANG_WARN_OBJC_IMPLICIT_RETAIN_SELF = YES;
				CLANG_WARN_OBJC_LITERAL_CONVERSION = YES;
				CLANG_WARN_OBJC_ROOT_CLASS = YES_ERROR;
				CLANG_WARN_QUOTED_INCLUDE_IN_FRAMEWORK_HEADER = YES;
				CLANG_WARN_RANGE_LOOP_ANALYSIS = YES;
				CLANG_WARN_STRICT_PROTOTYPES = YES;
				CLANG_WARN_SUSPICIOUS_MOVE = YES;
				CLANG_WARN_UNGUARDED_AVAILABILITY = YES_AGGRESSIVE;
				CLANG_WARN_UNREACHABLE_CODE = YES;
				CLANG_WARN__DUPLICATE_METHOD_MATCH = YES;
				COPY_PHASE_STRIP = NO;
				DEBUG_INFORMATION_FORMAT = dwarf;
				ENABLE_STRICT_OBJC_MSGSEND = YES;
				ENABLE_TESTABILITY = YES;
				GCC_C_LANGUAGE_STANDARD = gnu11;
				GCC_DYNAMIC_NO_PIC = NO;
				GCC_NO_COMMON_BLOCKS = YES;
				GCC_OPTIMIZATION_LEVEL = 0;
				GCC_PREPROCESSOR_DEFINITIONS = (
					"DEBUG=1",
					"$(inherited)",
				);
				GCC_WARN_64_TO_32_BIT_CONVERSION = YES;
				GCC_WARN_ABOUT_RETURN_TYPE = YES_ERROR;
				GCC_WARN_UNDECLARED_SELECTOR = YES;
				GCC_WARN_UNINITIALIZED_AUTOS = YES_AGGRESSIVE;
				GCC_WARN_UNUSED_FUNCTION = YES;
				GCC_WARN_UNUSED_VARIABLE = YES;
				MACOSX_DEPLOYMENT_TARGET = 12.3;
				MTL_ENABLE_DEBUG_INFO = INCLUDE_SOURCE;
				MTL_FAST_MATH = YES;
				ONLY_ACTIVE_ARCH = YES;
				SDKROOT = macosx;
				SWIFT_ACTIVE_COMPILATION_CONDITIONS = DEBUG;
				SWIFT_OPTIMIZATION_LEVEL = "-Onone";
			};
			name = Debug;
		};
		A47907B12931D85300C14DF3 /* Release */ = {
			isa = XCBuildConfiguration;
			buildSettings = {
				ALWAYS_SEARCH_USER_PATHS = NO;
				CLANG_ANALYZER_NONNULL = YES;
				CLANG_ANALYZER_NUMBER_OBJECT_CONVERSION = YES_AGGRESSIVE;
				CLANG_CXX_LANGUAGE_STANDARD = "gnu++20";
				CLANG_ENABLE_MODULES = YES;
				CLANG_ENABLE_OBJC_ARC = YES;
				CLANG_ENABLE_OBJC_WEAK = YES;
				CLANG_WARN_BLOCK_CAPTURE_AUTORELEASING = YES;
				CLANG_WARN_BOOL_CONVERSION = YES;
				CLANG_WARN_COMMA = YES;
				CLANG_WARN_CONSTANT_CONVERSION = YES;
				CLANG_WARN_DEPRECATED_OBJC_IMPLEMENTATIONS = YES;
				CLANG_WARN_DIRECT_OBJC_ISA_USAGE = YES_ERROR;
				CLANG_WARN_DOCUMENTATION_COMMENTS = YES;
				CLANG_WARN_EMPTY_BODY = YES;
				CLANG_WARN_ENUM_CONVERSION = YES;
				CLANG_WARN_INFINITE_RECURSION = YES;
				CLANG_WARN_INT_CONVERSION = YES;
				CLANG_WARN_NON_LITERAL_NULL_CONVERSION = YES;
				CLANG_WARN_OBJC_IMPLICIT_RETAIN_SELF = YES;
				CLANG_WARN_OBJC_LITERAL_CONVERSION = YES;
				CLANG_WARN_OBJC_ROOT_CLASS = YES_ERROR;
				CLANG_WARN_QUOTED_INCLUDE_IN_FRAMEWORK_HEADER = YES;
				CLANG_WARN_RANGE_LOOP_ANALYSIS = YES;
				CLANG_WARN_STRICT_PROTOTYPES = YES;
				CLANG_WARN_SUSPICIOUS_MOVE = YES;
				CLANG_WARN_UNGUARDED_AVAILABILITY = YES_AGGRESSIVE;
				CLANG_WARN_UNREACHABLE_CODE = YES;
				CLANG_WARN__DUPLICATE_METHOD_MATCH = YES;
				COPY_PHASE_STRIP = NO;
				DEBUG_INFORMATION_FORMAT = "dwarf-with-dsym";
				ENABLE_NS_ASSERTIONS = NO;
				ENABLE_STRICT_OBJC_MSGSEND = YES;
				GCC_C_LANGUAGE_STANDARD = gnu11;
				GCC_NO_COMMON_BLOCKS = YES;
				GCC_WARN_64_TO_32_BIT_CONVERSION = YES;
				GCC_WARN_ABOUT_RETURN_TYPE = YES_ERROR;
				GCC_WARN_UNDECLARED_SELECTOR = YES;
				GCC_WARN_UNINITIALIZED_AUTOS = YES_AGGRESSIVE;
				GCC_WARN_UNUSED_FUNCTION = YES;
				GCC_WARN_UNUSED_VARIABLE = YES;
				MACOSX_DEPLOYMENT_TARGET = 12.3;
				MTL_ENABLE_DEBUG_INFO = NO;
				MTL_FAST_MATH = YES;
				SDKROOT = macosx;
				SWIFT_COMPILATION_MODE = wholemodule;
				SWIFT_OPTIMIZATION_LEVEL = "-O";
			};
			name = Release;
		};
		A47907B32931D85300C14DF3 /* Debug */ = {
			isa = XCBuildConfiguration;
			buildSettings = {
				CODE_SIGN_STYLE = Automatic;
				DEVELOPMENT_TEAM = ZY7J8GW45P;
				ENABLE_HARDENED_RUNTIME = YES;
				PRODUCT_NAME = "$(TARGET_NAME)";
				SWIFT_VERSION = 5.0;
			};
			name = Debug;
		};
		A47907B42931D85300C14DF3 /* Release */ = {
			isa = XCBuildConfiguration;
			buildSettings = {
				CODE_SIGN_STYLE = Automatic;
				DEVELOPMENT_TEAM = ZY7J8GW45P;
				ENABLE_HARDENED_RUNTIME = YES;
				PRODUCT_NAME = "$(TARGET_NAME)";
				SWIFT_VERSION = 5.0;
			};
			name = Release;
		};
/* End XCBuildConfiguration section */

/* Begin XCConfigurationList section */
		A47907A62931D85300C14DF3 /* Build configuration list for PBXProject "Wanted_Homework" */ = {
			isa = XCConfigurationList;
			buildConfigurations = (
				A47907B02931D85300C14DF3 /* Debug */,
				A47907B12931D85300C14DF3 /* Release */,
			);
			defaultConfigurationIsVisible = 0;
			defaultConfigurationName = Release;
		};
		A47907B22931D85300C14DF3 /* Build configuration list for PBXNativeTarget "Wanted_Homework" */ = {
			isa = XCConfigurationList;
			buildConfigurations = (
				A47907B32931D85300C14DF3 /* Debug */,
				A47907B42931D85300C14DF3 /* Release */,
			);
			defaultConfigurationIsVisible = 0;
			defaultConfigurationName = Release;
		};
/* End XCConfigurationList section */
	};
	rootObject = A47907A32931D85300C14DF3 /* Project object */;
}
